
Microsoft Visual Studio Solution File, Format Version 12.00
# Visual Studio 14
VisualStudioVersion = 14.0.25420.1
MinimumVisualStudioVersion = 10.0.40219.1
Project("{FAE04EC0-301F-11D3-BF4B-00C04F79EFBC}") = "Candidates.DataAccess", "Candidates.DataAccess\Candidates.DataAccess.csproj", "{56A80D01-556C-4611-939A-404039B88180}"
EndProject
Project("{FAE04EC0-301F-11D3-BF4B-00C04F79EFBC}") = "Candidates.Web", "Candidates.Web\Candidates.Web.csproj", "{6F40D50C-4BFA-4EFA-8896-40C15C28A569}"
EndProject
Project("{FAE04EC0-301F-11D3-BF4B-00C04F79EFBC}") = "Candidates.Tests", "Candidates.Tests\Candidates.Tests.csproj", "{77B35824-BC8B-4F92-9250-322CBE6A2F0D}"
EndProject
Global
	GlobalSection(SolutionConfigurationPlatforms) = preSolution
		Debug|Any CPU = Debug|Any CPU
		Release|Any CPU = Release|Any CPU
	EndGlobalSection
	GlobalSection(ProjectConfigurationPlatforms) = postSolution
		{56A80D01-556C-4611-939A-404039B88180}.Debug|Any CPU.ActiveCfg = Debug|Any CPU
		{56A80D01-556C-4611-939A-404039B88180}.Debug|Any CPU.Build.0 = Debug|Any CPU
		{56A80D01-556C-4611-939A-404039B88180}.Release|Any CPU.ActiveCfg = Release|Any CPU
		{56A80D01-556C-4611-939A-404039B88180}.Release|Any CPU.Build.0 = Release|Any CPU
		{6F40D50C-4BFA-4EFA-8896-40C15C28A569}.Debug|Any CPU.ActiveCfg = Debug|Any CPU
		{6F40D50C-4BFA-4EFA-8896-40C15C28A569}.Debug|Any CPU.Build.0 = Debug|Any CPU
		{6F40D50C-4BFA-4EFA-8896-40C15C28A569}.Release|Any CPU.ActiveCfg = Release|Any CPU
		{6F40D50C-4BFA-4EFA-8896-40C15C28A569}.Release|Any CPU.Build.0 = Release|Any CPU
		{77B35824-BC8B-4F92-9250-322CBE6A2F0D}.Debug|Any CPU.ActiveCfg = Debug|Any CPU
		{77B35824-BC8B-4F92-9250-322CBE6A2F0D}.Debug|Any CPU.Build.0 = Debug|Any CPU
		{77B35824-BC8B-4F92-9250-322CBE6A2F0D}.Release|Any CPU.ActiveCfg = Release|Any CPU
		{77B35824-BC8B-4F92-9250-322CBE6A2F0D}.Release|Any CPU.Build.0 = Release|Any CPU
	EndGlobalSection
	GlobalSection(SolutionProperties) = preSolution
		HideSolutionNode = FALSE
	EndGlobalSection
EndGlobal
